
Microsoft Visual Studio Solution File, Format Version 12.00
# Visual Studio 15
VisualStudioVersion = 15.0.27130.0
MinimumVisualStudioVersion = 10.0.40219.1
Project("{FAE04EC0-301F-11D3-BF4B-00C04F79EFBC}") = "WebApp", "Web App and API\WebApp.csproj", "{2B3DD60E-1DD4-49B9-BADB-6FD010C37E38}"
EndProject
Project("{FAE04EC0-301F-11D3-BF4B-00C04F79EFBC}") = "WebAPI", "WebAPI\WebAPI.csproj", "{5F5C3DD2-3BA2-4C0D-847A-7735A1D45E6B}"
EndProject
Global
	GlobalSection(SolutionConfigurationPlatforms) = preSolution
		Debug|Any CPU = Debug|Any CPU
		Release|Any CPU = Release|Any CPU
	EndGlobalSection
	GlobalSection(ProjectConfigurationPlatforms) = postSolution
		{2B3DD60E-1DD4-49B9-BADB-6FD010C37E38}.Debug|Any CPU.ActiveCfg = Debug|Any CPU
		{2B3DD60E-1DD4-49B9-BADB-6FD010C37E38}.Debug|Any CPU.Build.0 = Debug|Any CPU
		{2B3DD60E-1DD4-49B9-BADB-6FD010C37E38}.Release|Any CPU.ActiveCfg = Release|Any CPU
		{2B3DD60E-1DD4-49B9-BADB-6FD010C37E38}.Release|Any CPU.Build.0 = Release|Any CPU
		{5F5C3DD2-3BA2-4C0D-847A-7735A1D45E6B}.Debug|Any CPU.ActiveCfg = Debug|Any CPU
		{5F5C3DD2-3BA2-4C0D-847A-7735A1D45E6B}.Debug|Any CPU.Build.0 = Debug|Any CPU
		{5F5C3DD2-3BA2-4C0D-847A-7735A1D45E6B}.Release|Any CPU.ActiveCfg = Release|Any CPU
		{5F5C3DD2-3BA2-4C0D-847A-7735A1D45E6B}.Release|Any CPU.Build.0 = Release|Any CPU
	EndGlobalSection
	GlobalSection(SolutionProperties) = preSolution
		HideSolutionNode = FALSE
	EndGlobalSection
	GlobalSection(ExtensibilityGlobals) = postSolution
		SolutionGuid = {B9952028-D26C-4868-9B54-97ACF03F476F}
	EndGlobalSection
EndGlobal
